// !$*UTF8*$!
{
	archiveVersion = 1;
	classes = {
	};
	objectVersion = 50;
	objects = {

/* Begin PBXBuildFile section */
		E86A668420C4029600CCEAE2 /* AppDelegate.m in Sources */ = {isa = PBXBuildFile; fileRef = E86A668320C4029600CCEAE2 /* AppDelegate.m */; };
		E86A668720C4029600CCEAE2 /* ViewController.m in Sources */ = {isa = PBXBuildFile; fileRef = E86A668620C4029600CCEAE2 /* ViewController.m */; };
		E86A668A20C4029600CCEAE2 /* Main.storyboard in Resources */ = {isa = PBXBuildFile; fileRef = E86A668820C4029600CCEAE2 /* Main.storyboard */; };
		E86A668C20C4029700CCEAE2 /* Assets.xcassets in Resources */ = {isa = PBXBuildFile; fileRef = E86A668B20C4029700CCEAE2 /* Assets.xcassets */; };
		E86A668F20C4029700CCEAE2 /* LaunchScreen.storyboard in Resources */ = {isa = PBXBuildFile; fileRef = E86A668D20C4029700CCEAE2 /* LaunchScreen.storyboard */; };
		E86A669220C4029700CCEAE2 /* main.m in Sources */ = {isa = PBXBuildFile; fileRef = E86A669120C4029700CCEAE2 /* main.m */; };
		E86A669C20C4029700CCEAE2 /* CompositeTests.m in Sources */ = {isa = PBXBuildFile; fileRef = E86A669B20C4029700CCEAE2 /* CompositeTests.m */; };
		E86A66A720C4029700CCEAE2 /* CompositeUITests.m in Sources */ = {isa = PBXBuildFile; fileRef = E86A66A620C4029700CCEAE2 /* CompositeUITests.m */; };
/* End PBXBuildFile section */

/* Begin PBXContainerItemProxy section */
		E86A669820C4029700CCEAE2 /* PBXContainerItemProxy */ = {
			isa = PBXContainerItemProxy;
			containerPortal = E86A667720C4029600CCEAE2 /* Project object */;
			proxyType = 1;
			remoteGlobalIDString = E86A667E20C4029600CCEAE2;
			remoteInfo = Composite;
		};
		E86A66A320C4029700CCEAE2 /* PBXContainerItemProxy */ = {
			isa = PBXContainerItemProxy;
			containerPortal = E86A667720C4029600CCEAE2 /* Project object */;
			proxyType = 1;
			remoteGlobalIDString = E86A667E20C4029600CCEAE2;
			remoteInfo = Composite;
		};
/* End PBXContainerItemProxy section */

/* Begin PBXFileReference section */
		E86A667F20C4029600CCEAE2 /* Composite.app */ = {isa = PBXFileReference; explicitFileType = wrapper.application; includeInIndex = 0; path = Composite.app; sourceTree = BUILT_PRODUCTS_DIR; };
		E86A668220C4029600CCEAE2 /* AppDelegate.h */ = {isa = PBXFileReference; lastKnownFileType = sourcecode.c.h; path = AppDelegate.h; sourceTree = "<group>"; };
		E86A668320C4029600CCEAE2 /* AppDelegate.m */ = {isa = PBXFileReference; lastKnownFileType = sourcecode.c.objc; path = AppDelegate.m; sourceTree = "<group>"; };
		E86A668520C4029600CCEAE2 /* ViewController.h */ = {isa = PBXFileReference; lastKnownFileType = sourcecode.c.h; path = ViewController.h; sourceTree = "<group>"; };
		E86A668620C4029600CCEAE2 /* ViewController.m */ = {isa = PBXFileReference; lastKnownFileType = sourcecode.c.objc; path = ViewController.m; sourceTree = "<group>"; };
		E86A668920C4029600CCEAE2 /* Base */ = {isa = PBXFileReference; lastKnownFileType = file.storyboard; name = Base; path = Base.lproj/Main.storyboard; sourceTree = "<group>"; };
		E86A668B20C4029700CCEAE2 /* Assets.xcassets */ = {isa = PBXFileReference; lastKnownFileType = folder.assetcatalog; path = Assets.xcassets; sourceTree = "<group>"; };
		E86A668E20C4029700CCEAE2 /* Base */ = {isa = PBXFileReference; lastKnownFileType = file.storyboard; name = Base; path = Base.lproj/LaunchScreen.storyboard; sourceTree = "<group>"; };
		E86A669020C4029700CCEAE2 /* Info.plist */ = {isa = PBXFileReference; lastKnownFileType = text.plist.xml; path = Info.plist; sourceTree = "<group>"; };
		E86A669120C4029700CCEAE2 /* main.m */ = {isa = PBXFileReference; lastKnownFileType = sourcecode.c.objc; path = main.m; sourceTree = "<group>"; };
		E86A669720C4029700CCEAE2 /* CompositeTests.xctest */ = {isa = PBXFileReference; explicitFileType = wrapper.cfbundle; includeInIndex = 0; path = CompositeTests.xctest; sourceTree = BUILT_PRODUCTS_DIR; };
		E86A669B20C4029700CCEAE2 /* CompositeTests.m */ = {isa = PBXFileReference; lastKnownFileType = sourcecode.c.objc; path = CompositeTests.m; sourceTree = "<group>"; };
		E86A669D20C4029700CCEAE2 /* Info.plist */ = {isa = PBXFileReference; lastKnownFileType = text.plist.xml; path = Info.plist; sourceTree = "<group>"; };
		E86A66A220C4029700CCEAE2 /* CompositeUITests.xctest */ = {isa = PBXFileReference; explicitFileType = wrapper.cfbundle; includeInIndex = 0; path = CompositeUITests.xctest; sourceTree = BUILT_PRODUCTS_DIR; };
		E86A66A620C4029700CCEAE2 /* CompositeUITests.m */ = {isa = PBXFileReference; lastKnownFileType = sourcecode.c.objc; path = CompositeUITests.m; sourceTree = "<group>"; };
		E86A66A820C4029700CCEAE2 /* Info.plist */ = {isa = PBXFileReference; lastKnownFileType = text.plist.xml; path = Info.plist; sourceTree = "<group>"; };
/* End PBXFileReference section */

/* Begin PBXFrameworksBuildPhase section */
		E86A667C20C4029600CCEAE2 /* Frameworks */ = {
			isa = PBXFrameworksBuildPhase;
			buildActionMask = 2147483647;
			files = (
			);
			runOnlyForDeploymentPostprocessing = 0;
		};
		E86A669420C4029700CCEAE2 /* Frameworks */ = {
			isa = PBXFrameworksBuildPhase;
			buildActionMask = 2147483647;
			files = (
			);
			runOnlyForDeploymentPostprocessing = 0;
		};
		E86A669F20C4029700CCEAE2 /* Frameworks */ = {
			isa = PBXFrameworksBuildPhase;
			buildActionMask = 2147483647;
			files = (
			);
			runOnlyForDeploymentPostprocessing = 0;
		};
/* End PBXFrameworksBuildPhase section */

/* Begin PBXGroup section */
		E86A667620C4029600CCEAE2 = {
			isa = PBXGroup;
			children = (
				E86A668120C4029600CCEAE2 /* Composite */,
				E86A669A20C4029700CCEAE2 /* CompositeTests */,
				E86A66A520C4029700CCEAE2 /* CompositeUITests */,
				E86A668020C4029600CCEAE2 /* Products */,
			);
			sourceTree = "<group>";
		};
		E86A668020C4029600CCEAE2 /* Products */ = {
			isa = PBXGroup;
			children = (
				E86A667F20C4029600CCEAE2 /* Composite.app */,
				E86A669720C4029700CCEAE2 /* CompositeTests.xctest */,
				E86A66A220C4029700CCEAE2 /* CompositeUITests.xctest */,
			);
			name = Products;
			sourceTree = "<group>";
		};
		E86A668120C4029600CCEAE2 /* Composite */ = {
			isa = PBXGroup;
			children = (
				E86A668220C4029600CCEAE2 /* AppDelegate.h */,
				E86A668320C4029600CCEAE2 /* AppDelegate.m */,
				E86A668520C4029600CCEAE2 /* ViewController.h */,
				E86A668620C4029600CCEAE2 /* ViewController.m */,
				E86A668820C4029600CCEAE2 /* Main.storyboard */,
				E86A668B20C4029700CCEAE2 /* Assets.xcassets */,
				E86A668D20C4029700CCEAE2 /* LaunchScreen.storyboard */,
				E86A669020C4029700CCEAE2 /* Info.plist */,
				E86A669120C4029700CCEAE2 /* main.m */,
			);
			path = Composite;
			sourceTree = "<group>";
		};
		E86A669A20C4029700CCEAE2 /* CompositeTests */ = {
			isa = PBXGroup;
			children = (
				E86A669B20C4029700CCEAE2 /* CompositeTests.m */,
				E86A669D20C4029700CCEAE2 /* Info.plist */,
			);
			path = CompositeTests;
			sourceTree = "<group>";
		};
		E86A66A520C4029700CCEAE2 /* CompositeUITests */ = {
			isa = PBXGroup;
			children = (
				E86A66A620C4029700CCEAE2 /* CompositeUITests.m */,
				E86A66A820C4029700CCEAE2 /* Info.plist */,
			);
			path = CompositeUITests;
			sourceTree = "<group>";
		};
/* End PBXGroup section */

/* Begin PBXNativeTarget section */
		E86A667E20C4029600CCEAE2 /* Composite */ = {
			isa = PBXNativeTarget;
			buildConfigurationList = E86A66AB20C4029700CCEAE2 /* Build configuration list for PBXNativeTarget "Composite" */;
			buildPhases = (
				E86A667B20C4029600CCEAE2 /* Sources */,
				E86A667C20C4029600CCEAE2 /* Frameworks */,
				E86A667D20C4029600CCEAE2 /* Resources */,
			);
			buildRules = (
			);
			dependencies = (
			);
			name = Composite;
			productName = Composite;
			productReference = E86A667F20C4029600CCEAE2 /* Composite.app */;
			productType = "com.apple.product-type.application";
		};
		E86A669620C4029700CCEAE2 /* CompositeTests */ = {
			isa = PBXNativeTarget;
			buildConfigurationList = E86A66AE20C4029700CCEAE2 /* Build configuration list for PBXNativeTarget "CompositeTests" */;
			buildPhases = (
				E86A669320C4029700CCEAE2 /* Sources */,
				E86A669420C4029700CCEAE2 /* Frameworks */,
				E86A669520C4029700CCEAE2 /* Resources */,
			);
			buildRules = (
			);
			dependencies = (
				E86A669920C4029700CCEAE2 /* PBXTargetDependency */,
			);
			name = CompositeTests;
			productName = CompositeTests;
			productReference = E86A669720C4029700CCEAE2 /* CompositeTests.xctest */;
			productType = "com.apple.product-type.bundle.unit-test";
		};
		E86A66A120C4029700CCEAE2 /* CompositeUITests */ = {
			isa = PBXNativeTarget;
			buildConfigurationList = E86A66B120C4029700CCEAE2 /* Build configuration list for PBXNativeTarget "CompositeUITests" */;
			buildPhases = (
				E86A669E20C4029700CCEAE2 /* Sources */,
				E86A669F20C4029700CCEAE2 /* Frameworks */,
				E86A66A020C4029700CCEAE2 /* Resources */,
			);
			buildRules = (
			);
			dependencies = (
				E86A66A420C4029700CCEAE2 /* PBXTargetDependency */,
			);
			name = CompositeUITests;
			productName = CompositeUITests;
			productReference = E86A66A220C4029700CCEAE2 /* CompositeUITests.xctest */;
			productType = "com.apple.product-type.bundle.ui-testing";
		};
/* End PBXNativeTarget section */

/* Begin PBXProject section */
		E86A667720C4029600CCEAE2 /* Project object */ = {
			isa = PBXProject;
			attributes = {
				LastUpgradeCheck = 0940;
				ORGANIZATIONNAME = RongCloud;
				TargetAttributes = {
					E86A667E20C4029600CCEAE2 = {
						CreatedOnToolsVersion = 9.4;
					};
					E86A669620C4029700CCEAE2 = {
						CreatedOnToolsVersion = 9.4;
						TestTargetID = E86A667E20C4029600CCEAE2;
					};
					E86A66A120C4029700CCEAE2 = {
						CreatedOnToolsVersion = 9.4;
						TestTargetID = E86A667E20C4029600CCEAE2;
					};
				};
			};
			buildConfigurationList = E86A667A20C4029600CCEAE2 /* Build configuration list for PBXProject "Composite" */;
			compatibilityVersion = "Xcode 9.3";
			developmentRegion = en;
			hasScannedForEncodings = 0;
			knownRegions = (
				en,
				Base,
			);
			mainGroup = E86A667620C4029600CCEAE2;
			productRefGroup = E86A668020C4029600CCEAE2 /* Products */;
			projectDirPath = "";
			projectRoot = "";
			targets = (
				E86A667E20C4029600CCEAE2 /* Composite */,
				E86A669620C4029700CCEAE2 /* CompositeTests */,
				E86A66A120C4029700CCEAE2 /* CompositeUITests */,
			);
		};
/* End PBXProject section */

/* Begin PBXResourcesBuildPhase section */
		E86A667D20C4029600CCEAE2 /* Resources */ = {
			isa = PBXResourcesBuildPhase;
			buildActionMask = 2147483647;
			files = (
				E86A668F20C4029700CCEAE2 /* LaunchScreen.storyboard in Resources */,
				E86A668C20C4029700CCEAE2 /* Assets.xcassets in Resources */,
				E86A668A20C4029600CCEAE2 /* Main.storyboard in Resources */,
			);
			runOnlyForDeploymentPostprocessing = 0;
		};
		E86A669520C4029700CCEAE2 /* Resources */ = {
			isa = PBXResourcesBuildPhase;
			buildActionMask = 2147483647;
			files = (
			);
			runOnlyForDeploymentPostprocessing = 0;
		};
		E86A66A020C4029700CCEAE2 /* Resources */ = {
			isa = PBXResourcesBuildPhase;
			buildActionMask = 2147483647;
			files = (
			);
			runOnlyForDeploymentPostprocessing = 0;
		};
/* End PBXResourcesBuildPhase section */

/* Begin PBXSourcesBuildPhase section */
		E86A667B20C4029600CCEAE2 /* Sources */ = {
			isa = PBXSourcesBuildPhase;
			buildActionMask = 2147483647;
			files = (
				E86A668720C4029600CCEAE2 /* ViewController.m in Sources */,
				E86A669220C4029700CCEAE2 /* main.m in Sources */,
				E86A668420C4029600CCEAE2 /* AppDelegate.m in Sources */,
			);
			runOnlyForDeploymentPostprocessing = 0;
		};
		E86A669320C4029700CCEAE2 /* Sources */ = {
			isa = PBXSourcesBuildPhase;
			buildActionMask = 2147483647;
			files = (
				E86A669C20C4029700CCEAE2 /* CompositeTests.m in Sources */,
			);
			runOnlyForDeploymentPostprocessing = 0;
		};
		E86A669E20C4029700CCEAE2 /* Sources */ = {
			isa = PBXSourcesBuildPhase;
			buildActionMask = 2147483647;
			files = (
				E86A66A720C4029700CCEAE2 /* CompositeUITests.m in Sources */,
			);
			runOnlyForDeploymentPostprocessing = 0;
		};
/* End PBXSourcesBuildPhase section */

/* Begin PBXTargetDependency section */
		E86A669920C4029700CCEAE2 /* PBXTargetDependency */ = {
			isa = PBXTargetDependency;
			target = E86A667E20C4029600CCEAE2 /* Composite */;
			targetProxy = E86A669820C4029700CCEAE2 /* PBXContainerItemProxy */;
		};
		E86A66A420C4029700CCEAE2 /* PBXTargetDependency */ = {
			isa = PBXTargetDependency;
			target = E86A667E20C4029600CCEAE2 /* Composite */;
			targetProxy = E86A66A320C4029700CCEAE2 /* PBXContainerItemProxy */;
		};
/* End PBXTargetDependency section */

/* Begin PBXVariantGroup section */
		E86A668820C4029600CCEAE2 /* Main.storyboard */ = {
			isa = PBXVariantGroup;
			children = (
				E86A668920C4029600CCEAE2 /* Base */,
			);
			name = Main.storyboard;
			sourceTree = "<group>";
		};
		E86A668D20C4029700CCEAE2 /* LaunchScreen.storyboard */ = {
			isa = PBXVariantGroup;
			children = (
				E86A668E20C4029700CCEAE2 /* Base */,
			);
			name = LaunchScreen.storyboard;
			sourceTree = "<group>";
		};
/* End PBXVariantGroup section */

/* Begin XCBuildConfiguration section */
		E86A66A920C4029700CCEAE2 /* Debug */ = {
			isa = XCBuildConfiguration;
			buildSettings = {
				ALWAYS_SEARCH_USER_PATHS = NO;
				CLANG_ANALYZER_NONNULL = YES;
				CLANG_ANALYZER_NUMBER_OBJECT_CONVERSION = YES_AGGRESSIVE;
				CLANG_CXX_LANGUAGE_STANDARD = "gnu++14";
				CLANG_CXX_LIBRARY = "libc++";
				CLANG_ENABLE_MODULES = YES;
				CLANG_ENABLE_OBJC_ARC = YES;
				CLANG_ENABLE_OBJC_WEAK = YES;
				CLANG_WARN_BLOCK_CAPTURE_AUTORELEASING = YES;
				CLANG_WARN_BOOL_CONVERSION = YES;
				CLANG_WARN_COMMA = YES;
				CLANG_WARN_CONSTANT_CONVERSION = YES;
				CLANG_WARN_DEPRECATED_OBJC_IMPLEMENTATIONS = YES;
				CLANG_WARN_DIRECT_OBJC_ISA_USAGE = YES_ERROR;
				CLANG_WARN_DOCUMENTATION_COMMENTS = YES;
				CLANG_WARN_EMPTY_BODY = YES;
				CLANG_WARN_ENUM_CONVERSION = YES;
				CLANG_WARN_INFINITE_RECURSION = YES;
				CLANG_WARN_INT_CONVERSION = YES;
				CLANG_WARN_NON_LITERAL_NULL_CONVERSION = YES;
				CLANG_WARN_OBJC_IMPLICIT_RETAIN_SELF = YES;
				CLANG_WARN_OBJC_LITERAL_CONVERSION = YES;
				CLANG_WARN_OBJC_ROOT_CLASS = YES_ERROR;
				CLANG_WARN_RANGE_LOOP_ANALYSIS = YES;
				CLANG_WARN_STRICT_PROTOTYPES = YES;
				CLANG_WARN_SUSPICIOUS_MOVE = YES;
				CLANG_WARN_UNGUARDED_AVAILABILITY = YES_AGGRESSIVE;
				CLANG_WARN_UNREACHABLE_CODE = YES;
				CLANG_WARN__DUPLICATE_METHOD_MATCH = YES;
				CODE_SIGN_IDENTITY = "iPhone Developer";
				COPY_PHASE_STRIP = NO;
				DEBUG_INFORMATION_FORMAT = dwarf;
				ENABLE_STRICT_OBJC_MSGSEND = YES;
				ENABLE_TESTABILITY = YES;
				GCC_C_LANGUAGE_STANDARD = gnu11;
				GCC_DYNAMIC_NO_PIC = NO;
				GCC_NO_COMMON_BLOCKS = YES;
				GCC_OPTIMIZATION_LEVEL = 0;
				GCC_PREPROCESSOR_DEFINITIONS = (
					"DEBUG=1",
					"$(inherited)",
				);
				GCC_WARN_64_TO_32_BIT_CONVERSION = YES;
				GCC_WARN_ABOUT_RETURN_TYPE = YES_ERROR;
				GCC_WARN_UNDECLARED_SELECTOR = YES;
				GCC_WARN_UNINITIALIZED_AUTOS = YES_AGGRESSIVE;
				GCC_WARN_UNUSED_FUNCTION = YES;
				GCC_WARN_UNUSED_VARIABLE = YES;
				IPHONEOS_DEPLOYMENT_TARGET = 11.4;
				MTL_ENABLE_DEBUG_INFO = YES;
				ONLY_ACTIVE_ARCH = YES;
				SDKROOT = iphoneos;
			};
			name = Debug;
		};
		E86A66AA20C4029700CCEAE2 /* Release */ = {
			isa = XCBuildConfiguration;
			buildSettings = {
				ALWAYS_SEARCH_USER_PATHS = NO;
				CLANG_ANALYZER_NONNULL = YES;
				CLANG_ANALYZER_NUMBER_OBJECT_CONVERSION = YES_AGGRESSIVE;
				CLANG_CXX_LANGUAGE_STANDARD = "gnu++14";
				CLANG_CXX_LIBRARY = "libc++";
				CLANG_ENABLE_MODULES = YES;
				CLANG_ENABLE_OBJC_ARC = YES;
				CLANG_ENABLE_OBJC_WEAK = YES;
				CLANG_WARN_BLOCK_CAPTURE_AUTORELEASING = YES;
				CLANG_WARN_BOOL_CONVERSION = YES;
				CLANG_WARN_COMMA = YES;
				CLANG_WARN_CONSTANT_CONVERSION = YES;
				CLANG_WARN_DEPRECATED_OBJC_IMPLEMENTATIONS = YES;
				CLANG_WARN_DIRECT_OBJC_ISA_USAGE = YES_ERROR;
				CLANG_WARN_DOCUMENTATION_COMMENTS = YES;
				CLANG_WARN_EMPTY_BODY = YES;
				CLANG_WARN_ENUM_CONVERSION = YES;
				CLANG_WARN_INFINITE_RECURSION = YES;
				CLANG_WARN_INT_CONVERSION = YES;
				CLANG_WARN_NON_LITERAL_NULL_CONVERSION = YES;
				CLANG_WARN_OBJC_IMPLICIT_RETAIN_SELF = YES;
				CLANG_WARN_OBJC_LITERAL_CONVERSION = YES;
				CLANG_WARN_OBJC_ROOT_CLASS = YES_ERROR;
				CLANG_WARN_RANGE_LOOP_ANALYSIS = YES;
				CLANG_WARN_STRICT_PROTOTYPES = YES;
				CLANG_WARN_SUSPICIOUS_MOVE = YES;
				CLANG_WARN_UNGUARDED_AVAILABILITY = YES_AGGRESSIVE;
				CLANG_WARN_UNREACHABLE_CODE = YES;
				CLANG_WARN__DUPLICATE_METHOD_MATCH = YES;
				CODE_SIGN_IDENTITY = "iPhone Developer";
				COPY_PHASE_STRIP = NO;
				DEBUG_INFORMATION_FORMAT = "dwarf-with-dsym";
				ENABLE_NS_ASSERTIONS = NO;
				ENABLE_STRICT_OBJC_MSGSEND = YES;
				GCC_C_LANGUAGE_STANDARD = gnu11;
				GCC_NO_COMMON_BLOCKS = YES;
				GCC_WARN_64_TO_32_BIT_CONVERSION = YES;
				GCC_WARN_ABOUT_RETURN_TYPE = YES_ERROR;
				GCC_WARN_UNDECLARED_SELECTOR = YES;
				GCC_WARN_UNINITIALIZED_AUTOS = YES_AGGRESSIVE;
				GCC_WARN_UNUSED_FUNCTION = YES;
				GCC_WARN_UNUSED_VARIABLE = YES;
				IPHONEOS_DEPLOYMENT_TARGET = 11.4;
				MTL_ENABLE_DEBUG_INFO = NO;
				SDKROOT = iphoneos;
				VALIDATE_PRODUCT = YES;
			};
			name = Release;
		};
		E86A66AC20C4029700CCEAE2 /* Debug */ = {
			isa = XCBuildConfiguration;
			buildSettings = {
				ASSETCATALOG_COMPILER_APPICON_NAME = AppIcon;
				CODE_SIGN_STYLE = Automatic;
				INFOPLIST_FILE = Composite/Info.plist;
				LD_RUNPATH_SEARCH_PATHS = (
					"$(inherited)",
					"@executable_path/Frameworks",
				);
				PRODUCT_BUNDLE_IDENTIFIER = RongCloud.Composite;
				PRODUCT_NAME = "$(TARGET_NAME)";
				TARGETED_DEVICE_FAMILY = "1,2";
			};
			name = Debug;
		};
		E86A66AD20C4029700CCEAE2 /* Release */ = {
			isa = XCBuildConfiguration;
			buildSettings = {
				ASSETCATALOG_COMPILER_APPICON_NAME = AppIcon;
				CODE_SIGN_STYLE = Automatic;
				INFOPLIST_FILE = Composite/Info.plist;
				LD_RUNPATH_SEARCH_PATHS = (
					"$(inherited)",
					"@executable_path/Frameworks",
				);
				PRODUCT_BUNDLE_IDENTIFIER = RongCloud.Composite;
				PRODUCT_NAME = "$(TARGET_NAME)";
				TARGETED_DEVICE_FAMILY = "1,2";
			};
			name = Release;
		};
		E86A66AF20C4029700CCEAE2 /* Debug */ = {
			isa = XCBuildConfiguration;
			buildSettings = {
				BUNDLE_LOADER = "$(TEST_HOST)";
				CODE_SIGN_STYLE = Automatic;
				INFOPLIST_FILE = CompositeTests/Info.plist;
				LD_RUNPATH_SEARCH_PATHS = (
					"$(inherited)",
					"@executable_path/Frameworks",
					"@loader_path/Frameworks",
				);
				PRODUCT_BUNDLE_IDENTIFIER = RongCloud.CompositeTests;
				PRODUCT_NAME = "$(TARGET_NAME)";
				TARGETED_DEVICE_FAMILY = "1,2";
				TEST_HOST = "$(BUILT_PRODUCTS_DIR)/Composite.app/Composite";
			};
			name = Debug;
		};
		E86A66B020C4029700CCEAE2 /* Release */ = {
			isa = XCBuildConfiguration;
			buildSettings = {
				BUNDLE_LOADER = "$(TEST_HOST)";
				CODE_SIGN_STYLE = Automatic;
				INFOPLIST_FILE = CompositeTests/Info.plist;
				LD_RUNPATH_SEARCH_PATHS = (
					"$(inherited)",
					"@executable_path/Frameworks",
					"@loader_path/Frameworks",
				);
				PRODUCT_BUNDLE_IDENTIFIER = RongCloud.CompositeTests;
				PRODUCT_NAME = "$(TARGET_NAME)";
				TARGETED_DEVICE_FAMILY = "1,2";
				TEST_HOST = "$(BUILT_PRODUCTS_DIR)/Composite.app/Composite";
			};
			name = Release;
		};
		E86A66B220C4029700CCEAE2 /* Debug */ = {
			isa = XCBuildConfiguration;
			buildSettings = {
				CODE_SIGN_STYLE = Automatic;
				INFOPLIST_FILE = CompositeUITests/Info.plist;
				LD_RUNPATH_SEARCH_PATHS = (
					"$(inherited)",
					"@executable_path/Frameworks",
					"@loader_path/Frameworks",
				);
				PRODUCT_BUNDLE_IDENTIFIER = RongCloud.CompositeUITests;
				PRODUCT_NAME = "$(TARGET_NAME)";
				TARGETED_DEVICE_FAMILY = "1,2";
				TEST_TARGET_NAME = Composite;
			};
			name = Debug;
		};
		E86A66B320C4029700CCEAE2 /* Release */ = {
			isa = XCBuildConfiguration;
			buildSettings = {
				CODE_SIGN_STYLE = Automatic;
				INFOPLIST_FILE = CompositeUITests/Info.plist;
				LD_RUNPATH_SEARCH_PATHS = (
					"$(inherited)",
					"@executable_path/Frameworks",
					"@loader_path/Frameworks",
				);
				PRODUCT_BUNDLE_IDENTIFIER = RongCloud.CompositeUITests;
				PRODUCT_NAME = "$(TARGET_NAME)";
				TARGETED_DEVICE_FAMILY = "1,2";
				TEST_TARGET_NAME = Composite;
			};
			name = Release;
		};
/* End XCBuildConfiguration section */

/* Begin XCConfigurationList section */
		E86A667A20C4029600CCEAE2 /* Build configuration list for PBXProject "Composite" */ = {
			isa = XCConfigurationList;
			buildConfigurations = (
				E86A66A920C4029700CCEAE2 /* Debug */,
				E86A66AA20C4029700CCEAE2 /* Release */,
			);
			defaultConfigurationIsVisible = 0;
			defaultConfigurationName = Release;
		};
		E86A66AB20C4029700CCEAE2 /* Build configuration list for PBXNativeTarget "Composite" */ = {
			isa = XCConfigurationList;
			buildConfigurations = (
				E86A66AC20C4029700CCEAE2 /* Debug */,
				E86A66AD20C4029700CCEAE2 /* Release */,
			);
			defaultConfigurationIsVisible = 0;
			defaultConfigurationName = Release;
		};
		E86A66AE20C4029700CCEAE2 /* Build configuration list for PBXNativeTarget "CompositeTests" */ = {
			isa = XCConfigurationList;
			buildConfigurations = (
				E86A66AF20C4029700CCEAE2 /* Debug */,
				E86A66B020C4029700CCEAE2 /* Release */,
			);
			defaultConfigurationIsVisible = 0;
			defaultConfigurationName = Release;
		};
		E86A66B120C4029700CCEAE2 /* Build configuration list for PBXNativeTarget "CompositeUITests" */ = {
			isa = XCConfigurationList;
			buildConfigurations = (
				E86A66B220C4029700CCEAE2 /* Debug */,
				E86A66B320C4029700CCEAE2 /* Release */,
			);
			defaultConfigurationIsVisible = 0;
			defaultConfigurationName = Release;
		};
/* End XCConfigurationList section */
	};
	rootObject = E86A667720C4029600CCEAE2 /* Project object */;
}
