// !$*UTF8*$!
{
	archiveVersion = 1;
	classes = {
	};
	objectVersion = 50;
	objects = {

/* Begin PBXBuildFile section */
		E8BA156020BC253300F6BE47 /* AppDelegate.m in Sources */ = {isa = PBXBuildFile; fileRef = E8BA155F20BC253300F6BE47 /* AppDelegate.m */; };
		E8BA156320BC253300F6BE47 /* ViewController.m in Sources */ = {isa = PBXBuildFile; fileRef = E8BA156220BC253300F6BE47 /* ViewController.m */; };
		E8BA156620BC253300F6BE47 /* Main.storyboard in Resources */ = {isa = PBXBuildFile; fileRef = E8BA156420BC253300F6BE47 /* Main.storyboard */; };
		E8BA156820BC253400F6BE47 /* Assets.xcassets in Resources */ = {isa = PBXBuildFile; fileRef = E8BA156720BC253400F6BE47 /* Assets.xcassets */; };
		E8BA156B20BC253400F6BE47 /* LaunchScreen.storyboard in Resources */ = {isa = PBXBuildFile; fileRef = E8BA156920BC253400F6BE47 /* LaunchScreen.storyboard */; };
		E8BA156E20BC253400F6BE47 /* main.m in Sources */ = {isa = PBXBuildFile; fileRef = E8BA156D20BC253400F6BE47 /* main.m */; };
		E8BA157820BC253400F6BE47 /* DecoratorPatternTests.m in Sources */ = {isa = PBXBuildFile; fileRef = E8BA157720BC253400F6BE47 /* DecoratorPatternTests.m */; };
		E8BA158320BC253400F6BE47 /* DecoratorPatternUITests.m in Sources */ = {isa = PBXBuildFile; fileRef = E8BA158220BC253400F6BE47 /* DecoratorPatternUITests.m */; };
		E8BA159320BC36B700F6BE47 /* SCXComponent.m in Sources */ = {isa = PBXBuildFile; fileRef = E8BA159220BC36B700F6BE47 /* SCXComponent.m */; };
		E8BA159620BC36F700F6BE47 /* SCXBaseComponent.m in Sources */ = {isa = PBXBuildFile; fileRef = E8BA159520BC36F700F6BE47 /* SCXBaseComponent.m */; };
		E8BA159A20BC373B00F6BE47 /* SCXDecorator.m in Sources */ = {isa = PBXBuildFile; fileRef = E8BA159920BC373B00F6BE47 /* SCXDecorator.m */; };
		E8BA159D20BC380500F6BE47 /* SCXComponentDecorator.m in Sources */ = {isa = PBXBuildFile; fileRef = E8BA159C20BC380500F6BE47 /* SCXComponentDecorator.m */; };
		E8BA15A020BC38C700F6BE47 /* SCXComponentDecoratorA.m in Sources */ = {isa = PBXBuildFile; fileRef = E8BA159F20BC38C700F6BE47 /* SCXComponentDecoratorA.m */; };
/* End PBXBuildFile section */

/* Begin PBXContainerItemProxy section */
		E8BA157420BC253400F6BE47 /* PBXContainerItemProxy */ = {
			isa = PBXContainerItemProxy;
			containerPortal = E8BA155320BC253300F6BE47 /* Project object */;
			proxyType = 1;
			remoteGlobalIDString = E8BA155A20BC253300F6BE47;
			remoteInfo = DecoratorPattern;
		};
		E8BA157F20BC253400F6BE47 /* PBXContainerItemProxy */ = {
			isa = PBXContainerItemProxy;
			containerPortal = E8BA155320BC253300F6BE47 /* Project object */;
			proxyType = 1;
			remoteGlobalIDString = E8BA155A20BC253300F6BE47;
			remoteInfo = DecoratorPattern;
		};
/* End PBXContainerItemProxy section */

/* Begin PBXFileReference section */
		E8BA155B20BC253300F6BE47 /* DecoratorPattern.app */ = {isa = PBXFileReference; explicitFileType = wrapper.application; includeInIndex = 0; path = DecoratorPattern.app; sourceTree = BUILT_PRODUCTS_DIR; };
		E8BA155E20BC253300F6BE47 /* AppDelegate.h */ = {isa = PBXFileReference; lastKnownFileType = sourcecode.c.h; path = AppDelegate.h; sourceTree = "<group>"; };
		E8BA155F20BC253300F6BE47 /* AppDelegate.m */ = {isa = PBXFileReference; lastKnownFileType = sourcecode.c.objc; path = AppDelegate.m; sourceTree = "<group>"; };
		E8BA156120BC253300F6BE47 /* ViewController.h */ = {isa = PBXFileReference; lastKnownFileType = sourcecode.c.h; path = ViewController.h; sourceTree = "<group>"; };
		E8BA156220BC253300F6BE47 /* ViewController.m */ = {isa = PBXFileReference; lastKnownFileType = sourcecode.c.objc; path = ViewController.m; sourceTree = "<group>"; };
		E8BA156520BC253300F6BE47 /* Base */ = {isa = PBXFileReference; lastKnownFileType = file.storyboard; name = Base; path = Base.lproj/Main.storyboard; sourceTree = "<group>"; };
		E8BA156720BC253400F6BE47 /* Assets.xcassets */ = {isa = PBXFileReference; lastKnownFileType = folder.assetcatalog; path = Assets.xcassets; sourceTree = "<group>"; };
		E8BA156A20BC253400F6BE47 /* Base */ = {isa = PBXFileReference; lastKnownFileType = file.storyboard; name = Base; path = Base.lproj/LaunchScreen.storyboard; sourceTree = "<group>"; };
		E8BA156C20BC253400F6BE47 /* Info.plist */ = {isa = PBXFileReference; lastKnownFileType = text.plist.xml; path = Info.plist; sourceTree = "<group>"; };
		E8BA156D20BC253400F6BE47 /* main.m */ = {isa = PBXFileReference; lastKnownFileType = sourcecode.c.objc; path = main.m; sourceTree = "<group>"; };
		E8BA157320BC253400F6BE47 /* DecoratorPatternTests.xctest */ = {isa = PBXFileReference; explicitFileType = wrapper.cfbundle; includeInIndex = 0; path = DecoratorPatternTests.xctest; sourceTree = BUILT_PRODUCTS_DIR; };
		E8BA157720BC253400F6BE47 /* DecoratorPatternTests.m */ = {isa = PBXFileReference; lastKnownFileType = sourcecode.c.objc; path = DecoratorPatternTests.m; sourceTree = "<group>"; };
		E8BA157920BC253400F6BE47 /* Info.plist */ = {isa = PBXFileReference; lastKnownFileType = text.plist.xml; path = Info.plist; sourceTree = "<group>"; };
		E8BA157E20BC253400F6BE47 /* DecoratorPatternUITests.xctest */ = {isa = PBXFileReference; explicitFileType = wrapper.cfbundle; includeInIndex = 0; path = DecoratorPatternUITests.xctest; sourceTree = BUILT_PRODUCTS_DIR; };
		E8BA158220BC253400F6BE47 /* DecoratorPatternUITests.m */ = {isa = PBXFileReference; lastKnownFileType = sourcecode.c.objc; path = DecoratorPatternUITests.m; sourceTree = "<group>"; };
		E8BA158420BC253400F6BE47 /* Info.plist */ = {isa = PBXFileReference; lastKnownFileType = text.plist.xml; path = Info.plist; sourceTree = "<group>"; };
		E8BA159120BC36B700F6BE47 /* SCXComponent.h */ = {isa = PBXFileReference; lastKnownFileType = sourcecode.c.h; path = SCXComponent.h; sourceTree = "<group>"; };
		E8BA159220BC36B700F6BE47 /* SCXComponent.m */ = {isa = PBXFileReference; lastKnownFileType = sourcecode.c.objc; path = SCXComponent.m; sourceTree = "<group>"; };
		E8BA159420BC36F700F6BE47 /* SCXBaseComponent.h */ = {isa = PBXFileReference; lastKnownFileType = sourcecode.c.h; path = SCXBaseComponent.h; sourceTree = "<group>"; };
		E8BA159520BC36F700F6BE47 /* SCXBaseComponent.m */ = {isa = PBXFileReference; lastKnownFileType = sourcecode.c.objc; path = SCXBaseComponent.m; sourceTree = "<group>"; };
		E8BA159820BC373B00F6BE47 /* SCXDecorator.h */ = {isa = PBXFileReference; lastKnownFileType = sourcecode.c.h; path = SCXDecorator.h; sourceTree = "<group>"; };
		E8BA159920BC373B00F6BE47 /* SCXDecorator.m */ = {isa = PBXFileReference; lastKnownFileType = sourcecode.c.objc; path = SCXDecorator.m; sourceTree = "<group>"; };
		E8BA159B20BC380500F6BE47 /* SCXComponentDecorator.h */ = {isa = PBXFileReference; lastKnownFileType = sourcecode.c.h; path = SCXComponentDecorator.h; sourceTree = "<group>"; };
		E8BA159C20BC380500F6BE47 /* SCXComponentDecorator.m */ = {isa = PBXFileReference; lastKnownFileType = sourcecode.c.objc; path = SCXComponentDecorator.m; sourceTree = "<group>"; };
		E8BA159E20BC38C700F6BE47 /* SCXComponentDecoratorA.h */ = {isa = PBXFileReference; lastKnownFileType = sourcecode.c.h; path = SCXComponentDecoratorA.h; sourceTree = "<group>"; };
		E8BA159F20BC38C700F6BE47 /* SCXComponentDecoratorA.m */ = {isa = PBXFileReference; lastKnownFileType = sourcecode.c.objc; path = SCXComponentDecoratorA.m; sourceTree = "<group>"; };
/* End PBXFileReference section */

/* Begin PBXFrameworksBuildPhase section */
		E8BA155820BC253300F6BE47 /* Frameworks */ = {
			isa = PBXFrameworksBuildPhase;
			buildActionMask = 2147483647;
			files = (
			);
			runOnlyForDeploymentPostprocessing = 0;
		};
		E8BA157020BC253400F6BE47 /* Frameworks */ = {
			isa = PBXFrameworksBuildPhase;
			buildActionMask = 2147483647;
			files = (
			);
			runOnlyForDeploymentPostprocessing = 0;
		};
		E8BA157B20BC253400F6BE47 /* Frameworks */ = {
			isa = PBXFrameworksBuildPhase;
			buildActionMask = 2147483647;
			files = (
			);
			runOnlyForDeploymentPostprocessing = 0;
		};
/* End PBXFrameworksBuildPhase section */

/* Begin PBXGroup section */
		E8BA155220BC253300F6BE47 = {
			isa = PBXGroup;
			children = (
				E8BA155D20BC253300F6BE47 /* DecoratorPattern */,
				E8BA157620BC253400F6BE47 /* DecoratorPatternTests */,
				E8BA158120BC253400F6BE47 /* DecoratorPatternUITests */,
				E8BA155C20BC253300F6BE47 /* Products */,
			);
			sourceTree = "<group>";
		};
		E8BA155C20BC253300F6BE47 /* Products */ = {
			isa = PBXGroup;
			children = (
				E8BA155B20BC253300F6BE47 /* DecoratorPattern.app */,
				E8BA157320BC253400F6BE47 /* DecoratorPatternTests.xctest */,
				E8BA157E20BC253400F6BE47 /* DecoratorPatternUITests.xctest */,
			);
			name = Products;
			sourceTree = "<group>";
		};
		E8BA155D20BC253300F6BE47 /* DecoratorPattern */ = {
			isa = PBXGroup;
			children = (
				E8BA159720BC371F00F6BE47 /* Decorator */,
				E8BA159020BC369800F6BE47 /* Component */,
				E8BA155E20BC253300F6BE47 /* AppDelegate.h */,
				E8BA155F20BC253300F6BE47 /* AppDelegate.m */,
				E8BA156120BC253300F6BE47 /* ViewController.h */,
				E8BA156220BC253300F6BE47 /* ViewController.m */,
				E8BA156420BC253300F6BE47 /* Main.storyboard */,
				E8BA156720BC253400F6BE47 /* Assets.xcassets */,
				E8BA156920BC253400F6BE47 /* LaunchScreen.storyboard */,
				E8BA156C20BC253400F6BE47 /* Info.plist */,
				E8BA156D20BC253400F6BE47 /* main.m */,
			);
			path = DecoratorPattern;
			sourceTree = "<group>";
		};
		E8BA157620BC253400F6BE47 /* DecoratorPatternTests */ = {
			isa = PBXGroup;
			children = (
				E8BA157720BC253400F6BE47 /* DecoratorPatternTests.m */,
				E8BA157920BC253400F6BE47 /* Info.plist */,
			);
			path = DecoratorPatternTests;
			sourceTree = "<group>";
		};
		E8BA158120BC253400F6BE47 /* DecoratorPatternUITests */ = {
			isa = PBXGroup;
			children = (
				E8BA158220BC253400F6BE47 /* DecoratorPatternUITests.m */,
				E8BA158420BC253400F6BE47 /* Info.plist */,
			);
			path = DecoratorPatternUITests;
			sourceTree = "<group>";
		};
		E8BA159020BC369800F6BE47 /* Component */ = {
			isa = PBXGroup;
			children = (
				E8BA159120BC36B700F6BE47 /* SCXComponent.h */,
				E8BA159220BC36B700F6BE47 /* SCXComponent.m */,
				E8BA159420BC36F700F6BE47 /* SCXBaseComponent.h */,
				E8BA159520BC36F700F6BE47 /* SCXBaseComponent.m */,
			);
			path = Component;
			sourceTree = "<group>";
		};
		E8BA159720BC371F00F6BE47 /* Decorator */ = {
			isa = PBXGroup;
			children = (
				E8BA159820BC373B00F6BE47 /* SCXDecorator.h */,
				E8BA159920BC373B00F6BE47 /* SCXDecorator.m */,
				E8BA159B20BC380500F6BE47 /* SCXComponentDecorator.h */,
				E8BA159C20BC380500F6BE47 /* SCXComponentDecorator.m */,
				E8BA159E20BC38C700F6BE47 /* SCXComponentDecoratorA.h */,
				E8BA159F20BC38C700F6BE47 /* SCXComponentDecoratorA.m */,
			);
			path = Decorator;
			sourceTree = "<group>";
		};
/* End PBXGroup section */

/* Begin PBXNativeTarget section */
		E8BA155A20BC253300F6BE47 /* DecoratorPattern */ = {
			isa = PBXNativeTarget;
			buildConfigurationList = E8BA158720BC253400F6BE47 /* Build configuration list for PBXNativeTarget "DecoratorPattern" */;
			buildPhases = (
				E8BA155720BC253300F6BE47 /* Sources */,
				E8BA155820BC253300F6BE47 /* Frameworks */,
				E8BA155920BC253300F6BE47 /* Resources */,
			);
			buildRules = (
			);
			dependencies = (
			);
			name = DecoratorPattern;
			productName = DecoratorPattern;
			productReference = E8BA155B20BC253300F6BE47 /* DecoratorPattern.app */;
			productType = "com.apple.product-type.application";
		};
		E8BA157220BC253400F6BE47 /* DecoratorPatternTests */ = {
			isa = PBXNativeTarget;
			buildConfigurationList = E8BA158A20BC253400F6BE47 /* Build configuration list for PBXNativeTarget "DecoratorPatternTests" */;
			buildPhases = (
				E8BA156F20BC253400F6BE47 /* Sources */,
				E8BA157020BC253400F6BE47 /* Frameworks */,
				E8BA157120BC253400F6BE47 /* Resources */,
			);
			buildRules = (
			);
			dependencies = (
				E8BA157520BC253400F6BE47 /* PBXTargetDependency */,
			);
			name = DecoratorPatternTests;
			productName = DecoratorPatternTests;
			productReference = E8BA157320BC253400F6BE47 /* DecoratorPatternTests.xctest */;
			productType = "com.apple.product-type.bundle.unit-test";
		};
		E8BA157D20BC253400F6BE47 /* DecoratorPatternUITests */ = {
			isa = PBXNativeTarget;
			buildConfigurationList = E8BA158D20BC253400F6BE47 /* Build configuration list for PBXNativeTarget "DecoratorPatternUITests" */;
			buildPhases = (
				E8BA157A20BC253400F6BE47 /* Sources */,
				E8BA157B20BC253400F6BE47 /* Frameworks */,
				E8BA157C20BC253400F6BE47 /* Resources */,
			);
			buildRules = (
			);
			dependencies = (
				E8BA158020BC253400F6BE47 /* PBXTargetDependency */,
			);
			name = DecoratorPatternUITests;
			productName = DecoratorPatternUITests;
			productReference = E8BA157E20BC253400F6BE47 /* DecoratorPatternUITests.xctest */;
			productType = "com.apple.product-type.bundle.ui-testing";
		};
/* End PBXNativeTarget section */

/* Begin PBXProject section */
		E8BA155320BC253300F6BE47 /* Project object */ = {
			isa = PBXProject;
			attributes = {
				LastUpgradeCheck = 0930;
				ORGANIZATIONNAME = RongCloud;
				TargetAttributes = {
					E8BA155A20BC253300F6BE47 = {
						CreatedOnToolsVersion = 9.3.1;
					};
					E8BA157220BC253400F6BE47 = {
						CreatedOnToolsVersion = 9.3.1;
						TestTargetID = E8BA155A20BC253300F6BE47;
					};
					E8BA157D20BC253400F6BE47 = {
						CreatedOnToolsVersion = 9.3.1;
						TestTargetID = E8BA155A20BC253300F6BE47;
					};
				};
			};
			buildConfigurationList = E8BA155620BC253300F6BE47 /* Build configuration list for PBXProject "DecoratorPattern" */;
			compatibilityVersion = "Xcode 9.3";
			developmentRegion = en;
			hasScannedForEncodings = 0;
			knownRegions = (
				en,
				Base,
			);
			mainGroup = E8BA155220BC253300F6BE47;
			productRefGroup = E8BA155C20BC253300F6BE47 /* Products */;
			projectDirPath = "";
			projectRoot = "";
			targets = (
				E8BA155A20BC253300F6BE47 /* DecoratorPattern */,
				E8BA157220BC253400F6BE47 /* DecoratorPatternTests */,
				E8BA157D20BC253400F6BE47 /* DecoratorPatternUITests */,
			);
		};
/* End PBXProject section */

/* Begin PBXResourcesBuildPhase section */
		E8BA155920BC253300F6BE47 /* Resources */ = {
			isa = PBXResourcesBuildPhase;
			buildActionMask = 2147483647;
			files = (
				E8BA156B20BC253400F6BE47 /* LaunchScreen.storyboard in Resources */,
				E8BA156820BC253400F6BE47 /* Assets.xcassets in Resources */,
				E8BA156620BC253300F6BE47 /* Main.storyboard in Resources */,
			);
			runOnlyForDeploymentPostprocessing = 0;
		};
		E8BA157120BC253400F6BE47 /* Resources */ = {
			isa = PBXResourcesBuildPhase;
			buildActionMask = 2147483647;
			files = (
			);
			runOnlyForDeploymentPostprocessing = 0;
		};
		E8BA157C20BC253400F6BE47 /* Resources */ = {
			isa = PBXResourcesBuildPhase;
			buildActionMask = 2147483647;
			files = (
			);
			runOnlyForDeploymentPostprocessing = 0;
		};
/* End PBXResourcesBuildPhase section */

/* Begin PBXSourcesBuildPhase section */
		E8BA155720BC253300F6BE47 /* Sources */ = {
			isa = PBXSourcesBuildPhase;
			buildActionMask = 2147483647;
			files = (
				E8BA15A020BC38C700F6BE47 /* SCXComponentDecoratorA.m in Sources */,
				E8BA156320BC253300F6BE47 /* ViewController.m in Sources */,
				E8BA159620BC36F700F6BE47 /* SCXBaseComponent.m in Sources */,
				E8BA159A20BC373B00F6BE47 /* SCXDecorator.m in Sources */,
				E8BA156E20BC253400F6BE47 /* main.m in Sources */,
				E8BA159320BC36B700F6BE47 /* SCXComponent.m in Sources */,
				E8BA156020BC253300F6BE47 /* AppDelegate.m in Sources */,
				E8BA159D20BC380500F6BE47 /* SCXComponentDecorator.m in Sources */,
			);
			runOnlyForDeploymentPostprocessing = 0;
		};
		E8BA156F20BC253400F6BE47 /* Sources */ = {
			isa = PBXSourcesBuildPhase;
			buildActionMask = 2147483647;
			files = (
				E8BA157820BC253400F6BE47 /* DecoratorPatternTests.m in Sources */,
			);
			runOnlyForDeploymentPostprocessing = 0;
		};
		E8BA157A20BC253400F6BE47 /* Sources */ = {
			isa = PBXSourcesBuildPhase;
			buildActionMask = 2147483647;
			files = (
				E8BA158320BC253400F6BE47 /* DecoratorPatternUITests.m in Sources */,
			);
			runOnlyForDeploymentPostprocessing = 0;
		};
/* End PBXSourcesBuildPhase section */

/* Begin PBXTargetDependency section */
		E8BA157520BC253400F6BE47 /* PBXTargetDependency */ = {
			isa = PBXTargetDependency;
			target = E8BA155A20BC253300F6BE47 /* DecoratorPattern */;
			targetProxy = E8BA157420BC253400F6BE47 /* PBXContainerItemProxy */;
		};
		E8BA158020BC253400F6BE47 /* PBXTargetDependency */ = {
			isa = PBXTargetDependency;
			target = E8BA155A20BC253300F6BE47 /* DecoratorPattern */;
			targetProxy = E8BA157F20BC253400F6BE47 /* PBXContainerItemProxy */;
		};
/* End PBXTargetDependency section */

/* Begin PBXVariantGroup section */
		E8BA156420BC253300F6BE47 /* Main.storyboard */ = {
			isa = PBXVariantGroup;
			children = (
				E8BA156520BC253300F6BE47 /* Base */,
			);
			name = Main.storyboard;
			sourceTree = "<group>";
		};
		E8BA156920BC253400F6BE47 /* LaunchScreen.storyboard */ = {
			isa = PBXVariantGroup;
			children = (
				E8BA156A20BC253400F6BE47 /* Base */,
			);
			name = LaunchScreen.storyboard;
			sourceTree = "<group>";
		};
/* End PBXVariantGroup section */

/* Begin XCBuildConfiguration section */
		E8BA158520BC253400F6BE47 /* Debug */ = {
			isa = XCBuildConfiguration;
			buildSettings = {
				ALWAYS_SEARCH_USER_PATHS = NO;
				CLANG_ANALYZER_NONNULL = YES;
				CLANG_ANALYZER_NUMBER_OBJECT_CONVERSION = YES_AGGRESSIVE;
				CLANG_CXX_LANGUAGE_STANDARD = "gnu++14";
				CLANG_CXX_LIBRARY = "libc++";
				CLANG_ENABLE_MODULES = YES;
				CLANG_ENABLE_OBJC_ARC = YES;
				CLANG_ENABLE_OBJC_WEAK = YES;
				CLANG_WARN_BLOCK_CAPTURE_AUTORELEASING = YES;
				CLANG_WARN_BOOL_CONVERSION = YES;
				CLANG_WARN_COMMA = YES;
				CLANG_WARN_CONSTANT_CONVERSION = YES;
				CLANG_WARN_DEPRECATED_OBJC_IMPLEMENTATIONS = YES;
				CLANG_WARN_DIRECT_OBJC_ISA_USAGE = YES_ERROR;
				CLANG_WARN_DOCUMENTATION_COMMENTS = YES;
				CLANG_WARN_EMPTY_BODY = YES;
				CLANG_WARN_ENUM_CONVERSION = YES;
				CLANG_WARN_INFINITE_RECURSION = YES;
				CLANG_WARN_INT_CONVERSION = YES;
				CLANG_WARN_NON_LITERAL_NULL_CONVERSION = YES;
				CLANG_WARN_OBJC_IMPLICIT_RETAIN_SELF = YES;
				CLANG_WARN_OBJC_LITERAL_CONVERSION = YES;
				CLANG_WARN_OBJC_ROOT_CLASS = YES_ERROR;
				CLANG_WARN_RANGE_LOOP_ANALYSIS = YES;
				CLANG_WARN_STRICT_PROTOTYPES = YES;
				CLANG_WARN_SUSPICIOUS_MOVE = YES;
				CLANG_WARN_UNGUARDED_AVAILABILITY = YES_AGGRESSIVE;
				CLANG_WARN_UNREACHABLE_CODE = YES;
				CLANG_WARN__DUPLICATE_METHOD_MATCH = YES;
				CODE_SIGN_IDENTITY = "iPhone Developer";
				COPY_PHASE_STRIP = NO;
				DEBUG_INFORMATION_FORMAT = dwarf;
				ENABLE_STRICT_OBJC_MSGSEND = YES;
				ENABLE_TESTABILITY = YES;
				GCC_C_LANGUAGE_STANDARD = gnu11;
				GCC_DYNAMIC_NO_PIC = NO;
				GCC_NO_COMMON_BLOCKS = YES;
				GCC_OPTIMIZATION_LEVEL = 0;
				GCC_PREPROCESSOR_DEFINITIONS = (
					"DEBUG=1",
					"$(inherited)",
				);
				GCC_WARN_64_TO_32_BIT_CONVERSION = YES;
				GCC_WARN_ABOUT_RETURN_TYPE = YES_ERROR;
				GCC_WARN_UNDECLARED_SELECTOR = YES;
				GCC_WARN_UNINITIALIZED_AUTOS = YES_AGGRESSIVE;
				GCC_WARN_UNUSED_FUNCTION = YES;
				GCC_WARN_UNUSED_VARIABLE = YES;
				IPHONEOS_DEPLOYMENT_TARGET = 11.3;
				MTL_ENABLE_DEBUG_INFO = YES;
				ONLY_ACTIVE_ARCH = YES;
				SDKROOT = iphoneos;
			};
			name = Debug;
		};
		E8BA158620BC253400F6BE47 /* Release */ = {
			isa = XCBuildConfiguration;
			buildSettings = {
				ALWAYS_SEARCH_USER_PATHS = NO;
				CLANG_ANALYZER_NONNULL = YES;
				CLANG_ANALYZER_NUMBER_OBJECT_CONVERSION = YES_AGGRESSIVE;
				CLANG_CXX_LANGUAGE_STANDARD = "gnu++14";
				CLANG_CXX_LIBRARY = "libc++";
				CLANG_ENABLE_MODULES = YES;
				CLANG_ENABLE_OBJC_ARC = YES;
				CLANG_ENABLE_OBJC_WEAK = YES;
				CLANG_WARN_BLOCK_CAPTURE_AUTORELEASING = YES;
				CLANG_WARN_BOOL_CONVERSION = YES;
				CLANG_WARN_COMMA = YES;
				CLANG_WARN_CONSTANT_CONVERSION = YES;
				CLANG_WARN_DEPRECATED_OBJC_IMPLEMENTATIONS = YES;
				CLANG_WARN_DIRECT_OBJC_ISA_USAGE = YES_ERROR;
				CLANG_WARN_DOCUMENTATION_COMMENTS = YES;
				CLANG_WARN_EMPTY_BODY = YES;
				CLANG_WARN_ENUM_CONVERSION = YES;
				CLANG_WARN_INFINITE_RECURSION = YES;
				CLANG_WARN_INT_CONVERSION = YES;
				CLANG_WARN_NON_LITERAL_NULL_CONVERSION = YES;
				CLANG_WARN_OBJC_IMPLICIT_RETAIN_SELF = YES;
				CLANG_WARN_OBJC_LITERAL_CONVERSION = YES;
				CLANG_WARN_OBJC_ROOT_CLASS = YES_ERROR;
				CLANG_WARN_RANGE_LOOP_ANALYSIS = YES;
				CLANG_WARN_STRICT_PROTOTYPES = YES;
				CLANG_WARN_SUSPICIOUS_MOVE = YES;
				CLANG_WARN_UNGUARDED_AVAILABILITY = YES_AGGRESSIVE;
				CLANG_WARN_UNREACHABLE_CODE = YES;
				CLANG_WARN__DUPLICATE_METHOD_MATCH = YES;
				CODE_SIGN_IDENTITY = "iPhone Developer";
				COPY_PHASE_STRIP = NO;
				DEBUG_INFORMATION_FORMAT = "dwarf-with-dsym";
				ENABLE_NS_ASSERTIONS = NO;
				ENABLE_STRICT_OBJC_MSGSEND = YES;
				GCC_C_LANGUAGE_STANDARD = gnu11;
				GCC_NO_COMMON_BLOCKS = YES;
				GCC_WARN_64_TO_32_BIT_CONVERSION = YES;
				GCC_WARN_ABOUT_RETURN_TYPE = YES_ERROR;
				GCC_WARN_UNDECLARED_SELECTOR = YES;
				GCC_WARN_UNINITIALIZED_AUTOS = YES_AGGRESSIVE;
				GCC_WARN_UNUSED_FUNCTION = YES;
				GCC_WARN_UNUSED_VARIABLE = YES;
				IPHONEOS_DEPLOYMENT_TARGET = 11.3;
				MTL_ENABLE_DEBUG_INFO = NO;
				SDKROOT = iphoneos;
				VALIDATE_PRODUCT = YES;
			};
			name = Release;
		};
		E8BA158820BC253400F6BE47 /* Debug */ = {
			isa = XCBuildConfiguration;
			buildSettings = {
				ASSETCATALOG_COMPILER_APPICON_NAME = AppIcon;
				CODE_SIGN_STYLE = Automatic;
				INFOPLIST_FILE = DecoratorPattern/Info.plist;
				LD_RUNPATH_SEARCH_PATHS = (
					"$(inherited)",
					"@executable_path/Frameworks",
				);
				PRODUCT_BUNDLE_IDENTIFIER = RongCloud.DecoratorPattern;
				PRODUCT_NAME = "$(TARGET_NAME)";
				TARGETED_DEVICE_FAMILY = "1,2";
			};
			name = Debug;
		};
		E8BA158920BC253400F6BE47 /* Release */ = {
			isa = XCBuildConfiguration;
			buildSettings = {
				ASSETCATALOG_COMPILER_APPICON_NAME = AppIcon;
				CODE_SIGN_STYLE = Automatic;
				INFOPLIST_FILE = DecoratorPattern/Info.plist;
				LD_RUNPATH_SEARCH_PATHS = (
					"$(inherited)",
					"@executable_path/Frameworks",
				);
				PRODUCT_BUNDLE_IDENTIFIER = RongCloud.DecoratorPattern;
				PRODUCT_NAME = "$(TARGET_NAME)";
				TARGETED_DEVICE_FAMILY = "1,2";
			};
			name = Release;
		};
		E8BA158B20BC253400F6BE47 /* Debug */ = {
			isa = XCBuildConfiguration;
			buildSettings = {
				BUNDLE_LOADER = "$(TEST_HOST)";
				CODE_SIGN_STYLE = Automatic;
				INFOPLIST_FILE = DecoratorPatternTests/Info.plist;
				LD_RUNPATH_SEARCH_PATHS = (
					"$(inherited)",
					"@executable_path/Frameworks",
					"@loader_path/Frameworks",
				);
				PRODUCT_BUNDLE_IDENTIFIER = RongCloud.DecoratorPatternTests;
				PRODUCT_NAME = "$(TARGET_NAME)";
				TARGETED_DEVICE_FAMILY = "1,2";
				TEST_HOST = "$(BUILT_PRODUCTS_DIR)/DecoratorPattern.app/DecoratorPattern";
			};
			name = Debug;
		};
		E8BA158C20BC253400F6BE47 /* Release */ = {
			isa = XCBuildConfiguration;
			buildSettings = {
				BUNDLE_LOADER = "$(TEST_HOST)";
				CODE_SIGN_STYLE = Automatic;
				INFOPLIST_FILE = DecoratorPatternTests/Info.plist;
				LD_RUNPATH_SEARCH_PATHS = (
					"$(inherited)",
					"@executable_path/Frameworks",
					"@loader_path/Frameworks",
				);
				PRODUCT_BUNDLE_IDENTIFIER = RongCloud.DecoratorPatternTests;
				PRODUCT_NAME = "$(TARGET_NAME)";
				TARGETED_DEVICE_FAMILY = "1,2";
				TEST_HOST = "$(BUILT_PRODUCTS_DIR)/DecoratorPattern.app/DecoratorPattern";
			};
			name = Release;
		};
		E8BA158E20BC253400F6BE47 /* Debug */ = {
			isa = XCBuildConfiguration;
			buildSettings = {
				CODE_SIGN_STYLE = Automatic;
				INFOPLIST_FILE = DecoratorPatternUITests/Info.plist;
				LD_RUNPATH_SEARCH_PATHS = (
					"$(inherited)",
					"@executable_path/Frameworks",
					"@loader_path/Frameworks",
				);
				PRODUCT_BUNDLE_IDENTIFIER = RongCloud.DecoratorPatternUITests;
				PRODUCT_NAME = "$(TARGET_NAME)";
				TARGETED_DEVICE_FAMILY = "1,2";
				TEST_TARGET_NAME = DecoratorPattern;
			};
			name = Debug;
		};
		E8BA158F20BC253400F6BE47 /* Release */ = {
			isa = XCBuildConfiguration;
			buildSettings = {
				CODE_SIGN_STYLE = Automatic;
				INFOPLIST_FILE = DecoratorPatternUITests/Info.plist;
				LD_RUNPATH_SEARCH_PATHS = (
					"$(inherited)",
					"@executable_path/Frameworks",
					"@loader_path/Frameworks",
				);
				PRODUCT_BUNDLE_IDENTIFIER = RongCloud.DecoratorPatternUITests;
				PRODUCT_NAME = "$(TARGET_NAME)";
				TARGETED_DEVICE_FAMILY = "1,2";
				TEST_TARGET_NAME = DecoratorPattern;
			};
			name = Release;
		};
/* End XCBuildConfiguration section */

/* Begin XCConfigurationList section */
		E8BA155620BC253300F6BE47 /* Build configuration list for PBXProject "DecoratorPattern" */ = {
			isa = XCConfigurationList;
			buildConfigurations = (
				E8BA158520BC253400F6BE47 /* Debug */,
				E8BA158620BC253400F6BE47 /* Release */,
			);
			defaultConfigurationIsVisible = 0;
			defaultConfigurationName = Release;
		};
		E8BA158720BC253400F6BE47 /* Build configuration list for PBXNativeTarget "DecoratorPattern" */ = {
			isa = XCConfigurationList;
			buildConfigurations = (
				E8BA158820BC253400F6BE47 /* Debug */,
				E8BA158920BC253400F6BE47 /* Release */,
			);
			defaultConfigurationIsVisible = 0;
			defaultConfigurationName = Release;
		};
		E8BA158A20BC253400F6BE47 /* Build configuration list for PBXNativeTarget "DecoratorPatternTests" */ = {
			isa = XCConfigurationList;
			buildConfigurations = (
				E8BA158B20BC253400F6BE47 /* Debug */,
				E8BA158C20BC253400F6BE47 /* Release */,
			);
			defaultConfigurationIsVisible = 0;
			defaultConfigurationName = Release;
		};
		E8BA158D20BC253400F6BE47 /* Build configuration list for PBXNativeTarget "DecoratorPatternUITests" */ = {
			isa = XCConfigurationList;
			buildConfigurations = (
				E8BA158E20BC253400F6BE47 /* Debug */,
				E8BA158F20BC253400F6BE47 /* Release */,
			);
			defaultConfigurationIsVisible = 0;
			defaultConfigurationName = Release;
		};
/* End XCConfigurationList section */
	};
	rootObject = E8BA155320BC253300F6BE47 /* Project object */;
}
